{
  "name": "PawsAway.2.0",
  "lockfileVersion": 3,
  "requires": true,
  "packages": {
    "": {
      "dependencies": {
        "@fortawesome/fontawesome-free": "^6.7.1",
        "@picocss/pico": "^2.0.6"
      }
    },
    "node_modules/@fortawesome/fontawesome-free": {
      "version": "6.7.1",
      "resolved": "https://registry.npmjs.org/@fortawesome/fontawesome-free/-/fontawesome-free-6.7.1.tgz",
      "integrity": "sha512-ALIk/MOh5gYe1TG/ieS5mVUsk7VUIJTJKPMK9rFFqOgfp0Q3d5QiBXbcOMwUvs37fyZVCz46YjOE6IFeOAXCHA==",
      "engines": {
        "node": ">=6"
      }
    },
    "node_modules/@picocss/pico": {
      "version": "2.0.6",
      "resolved": "https://registry.npmjs.org/@picocss/pico/-/pico-2.0.6.tgz",
      "integrity": "sha512-/d8qsykowelD6g8k8JYgmCagOIulCPHMEc2NC4u7OjmpQLmtSetLhEbt0j1n3fPNJVcrT84dRp0RfJBn3wJROA==",
      "engines": {
        "node": ">=18.19.0"
      }
    }
  }
}
